
Microsoft Visual Studio Solution File, Format Version 12.00
# Visual Studio Version 17
VisualStudioVersion = 17.10.35027.167
MinimumVisualStudioVersion = 10.0.40219.1
Project("{FAE04EC0-301F-11D3-BF4B-00C04F79EFBC}") = "Tracker", "Tracker\Tracker.csproj", "{F93A5545-32E4-41E2-9E11-1BB153EF5001}"
EndProject
Project("{B7DD6F7E-DEF8-4E67-B5B7-07EF123DB6F0}") = "Tracker.Installer", "Tracker.Installer\Tracker.Installer.wixproj", "{2F38A566-704F-4CD5-A211-5F7EB12596AE}"
EndProject
Project("{FAE04EC0-301F-11D3-BF4B-00C04F79EFBC}") = "Tracker.Core", "Tracker.Core\Tracker.Core.csproj", "{3F7FB35A-7A10-4D86-9F19-E5B977D035B5}"
EndProject
Project("{FAE04EC0-301F-11D3-BF4B-00C04F79EFBC}") = "ProCohere.Avalonia", "ProCohere.Avalonia\ProCohere.Avalonia.csproj", "{789FFD0B-B68B-4455-9F8B-669E1E661CC6}"
EndProject
Global
	GlobalSection(SolutionConfigurationPlatforms) = preSolution
		Debug|Any CPU = Debug|Any CPU
		Debug|ARM64 = Debug|ARM64
		Debug|x64 = Debug|x64
		Debug|x86 = Debug|x86
		Release|Any CPU = Release|Any CPU
		Release|ARM64 = Release|ARM64
		Release|x64 = Release|x64
		Release|x86 = Release|x86
	EndGlobalSection
	GlobalSection(ProjectConfigurationPlatforms) = postSolution
		{F93A5545-32E4-41E2-9E11-1BB153EF5001}.Debug|Any CPU.ActiveCfg = Debug|Any CPU
		{F93A5545-32E4-41E2-9E11-1BB153EF5001}.Debug|Any CPU.Build.0 = Debug|Any CPU
		{F93A5545-32E4-41E2-9E11-1BB153EF5001}.Debug|ARM64.ActiveCfg = Debug|Any CPU
		{F93A5545-32E4-41E2-9E11-1BB153EF5001}.Debug|ARM64.Build.0 = Debug|Any CPU
		{F93A5545-32E4-41E2-9E11-1BB153EF5001}.Debug|x64.ActiveCfg = Debug|Any CPU
		{F93A5545-32E4-41E2-9E11-1BB153EF5001}.Debug|x64.Build.0 = Debug|Any CPU
		{F93A5545-32E4-41E2-9E11-1BB153EF5001}.Debug|x86.ActiveCfg = Debug|Any CPU
		{F93A5545-32E4-41E2-9E11-1BB153EF5001}.Debug|x86.Build.0 = Debug|Any CPU
		{F93A5545-32E4-41E2-9E11-1BB153EF5001}.Release|Any CPU.ActiveCfg = Release|Any CPU
		{F93A5545-32E4-41E2-9E11-1BB153EF5001}.Release|Any CPU.Build.0 = Release|Any CPU
		{F93A5545-32E4-41E2-9E11-1BB153EF5001}.Release|ARM64.ActiveCfg = Release|Any CPU
		{F93A5545-32E4-41E2-9E11-1BB153EF5001}.Release|ARM64.Build.0 = Release|Any CPU
		{F93A5545-32E4-41E2-9E11-1BB153EF5001}.Release|x64.ActiveCfg = Release|Any CPU
		{F93A5545-32E4-41E2-9E11-1BB153EF5001}.Release|x64.Build.0 = Release|Any CPU
		{F93A5545-32E4-41E2-9E11-1BB153EF5001}.Release|x86.ActiveCfg = Release|Any CPU
		{F93A5545-32E4-41E2-9E11-1BB153EF5001}.Release|x86.Build.0 = Release|Any CPU
		{2F38A566-704F-4CD5-A211-5F7EB12596AE}.Debug|Any CPU.ActiveCfg = Debug|x64
		{2F38A566-704F-4CD5-A211-5F7EB12596AE}.Debug|Any CPU.Build.0 = Debug|x64
		{2F38A566-704F-4CD5-A211-5F7EB12596AE}.Debug|ARM64.ActiveCfg = Debug|ARM64
		{2F38A566-704F-4CD5-A211-5F7EB12596AE}.Debug|ARM64.Build.0 = Debug|ARM64
		{2F38A566-704F-4CD5-A211-5F7EB12596AE}.Debug|x64.ActiveCfg = Debug|x64
		{2F38A566-704F-4CD5-A211-5F7EB12596AE}.Debug|x64.Build.0 = Debug|x64
		{2F38A566-704F-4CD5-A211-5F7EB12596AE}.Debug|x86.ActiveCfg = Debug|x86
		{2F38A566-704F-4CD5-A211-5F7EB12596AE}.Debug|x86.Build.0 = Debug|x86
		{2F38A566-704F-4CD5-A211-5F7EB12596AE}.Release|Any CPU.ActiveCfg = Release|x64
		{2F38A566-704F-4CD5-A211-5F7EB12596AE}.Release|Any CPU.Build.0 = Release|x64
		{2F38A566-704F-4CD5-A211-5F7EB12596AE}.Release|ARM64.ActiveCfg = Release|ARM64
		{2F38A566-704F-4CD5-A211-5F7EB12596AE}.Release|ARM64.Build.0 = Release|ARM64
		{2F38A566-704F-4CD5-A211-5F7EB12596AE}.Release|x64.ActiveCfg = Release|x64
		{2F38A566-704F-4CD5-A211-5F7EB12596AE}.Release|x64.Build.0 = Release|x64
		{2F38A566-704F-4CD5-A211-5F7EB12596AE}.Release|x86.ActiveCfg = Release|x86
		{2F38A566-704F-4CD5-A211-5F7EB12596AE}.Release|x86.Build.0 = Release|x86
		{3F7FB35A-7A10-4D86-9F19-E5B977D035B5}.Debug|Any CPU.ActiveCfg = Debug|Any CPU
		{3F7FB35A-7A10-4D86-9F19-E5B977D035B5}.Debug|Any CPU.Build.0 = Debug|Any CPU
		{3F7FB35A-7A10-4D86-9F19-E5B977D035B5}.Debug|ARM64.ActiveCfg = Debug|Any CPU
		{3F7FB35A-7A10-4D86-9F19-E5B977D035B5}.Debug|ARM64.Build.0 = Debug|Any CPU
		{3F7FB35A-7A10-4D86-9F19-E5B977D035B5}.Debug|x64.ActiveCfg = Debug|Any CPU
		{3F7FB35A-7A10-4D86-9F19-E5B977D035B5}.Debug|x64.Build.0 = Debug|Any CPU
		{3F7FB35A-7A10-4D86-9F19-E5B977D035B5}.Debug|x86.ActiveCfg = Debug|Any CPU
		{3F7FB35A-7A10-4D86-9F19-E5B977D035B5}.Debug|x86.Build.0 = Debug|Any CPU
		{3F7FB35A-7A10-4D86-9F19-E5B977D035B5}.Release|Any CPU.ActiveCfg = Release|Any CPU
		{3F7FB35A-7A10-4D86-9F19-E5B977D035B5}.Release|Any CPU.Build.0 = Release|Any CPU
		{3F7FB35A-7A10-4D86-9F19-E5B977D035B5}.Release|ARM64.ActiveCfg = Release|Any CPU
		{3F7FB35A-7A10-4D86-9F19-E5B977D035B5}.Release|ARM64.Build.0 = Release|Any CPU
		{3F7FB35A-7A10-4D86-9F19-E5B977D035B5}.Release|x64.ActiveCfg = Release|Any CPU
		{3F7FB35A-7A10-4D86-9F19-E5B977D035B5}.Release|x64.Build.0 = Release|Any CPU
		{3F7FB35A-7A10-4D86-9F19-E5B977D035B5}.Release|x86.ActiveCfg = Release|Any CPU
		{3F7FB35A-7A10-4D86-9F19-E5B977D035B5}.Release|x86.Build.0 = Release|Any CPU
		{789FFD0B-B68B-4455-9F8B-669E1E661CC6}.Debug|Any CPU.ActiveCfg = Debug|Any CPU
		{789FFD0B-B68B-4455-9F8B-669E1E661CC6}.Debug|Any CPU.Build.0 = Debug|Any CPU
		{789FFD0B-B68B-4455-9F8B-669E1E661CC6}.Debug|ARM64.ActiveCfg = Debug|Any CPU
		{789FFD0B-B68B-4455-9F8B-669E1E661CC6}.Debug|ARM64.Build.0 = Debug|Any CPU
		{789FFD0B-B68B-4455-9F8B-669E1E661CC6}.Debug|x64.ActiveCfg = Debug|Any CPU
		{789FFD0B-B68B-4455-9F8B-669E1E661CC6}.Debug|x64.Build.0 = Debug|Any CPU
		{789FFD0B-B68B-4455-9F8B-669E1E661CC6}.Debug|x86.ActiveCfg = Debug|Any CPU
		{789FFD0B-B68B-4455-9F8B-669E1E661CC6}.Debug|x86.Build.0 = Debug|Any CPU
		{789FFD0B-B68B-4455-9F8B-669E1E661CC6}.Release|Any CPU.ActiveCfg = Release|Any CPU
		{789FFD0B-B68B-4455-9F8B-669E1E661CC6}.Release|Any CPU.Build.0 = Release|Any CPU
		{789FFD0B-B68B-4455-9F8B-669E1E661CC6}.Release|ARM64.ActiveCfg = Release|Any CPU
		{789FFD0B-B68B-4455-9F8B-669E1E661CC6}.Release|ARM64.Build.0 = Release|Any CPU
		{789FFD0B-B68B-4455-9F8B-669E1E661CC6}.Release|x64.ActiveCfg = Release|Any CPU
		{789FFD0B-B68B-4455-9F8B-669E1E661CC6}.Release|x64.Build.0 = Release|Any CPU
		{789FFD0B-B68B-4455-9F8B-669E1E661CC6}.Release|x86.ActiveCfg = Release|Any CPU
		{789FFD0B-B68B-4455-9F8B-669E1E661CC6}.Release|x86.Build.0 = Release|Any CPU
	EndGlobalSection
	GlobalSection(SolutionProperties) = preSolution
		HideSolutionNode = FALSE
	EndGlobalSection
	GlobalSection(ExtensibilityGlobals) = postSolution
		SolutionGuid = {78FDCEC3-2785-417D-8B0C-78F367D81142}
	EndGlobalSection
	GlobalSection(ProjectDependencies) = postSolution
		{2F38A566-704F-4CD5-A211-5F7EB12596AE}.0 = {F93A5545-32E4-41E2-9E11-1BB153EF5001}
	EndGlobalSection
EndGlobal
